# @generated by Move, please check-in and do not edit manually.

[move]
version = 3
manifest_digest = "826F8BE5125B4233C27D23CAA8DA4AA1398235F0FD7EF623F92D6A9146F55850"
deps_digest = "397E6A9F7A624706DBDFEE056CE88391A15876868FD18A88504DA74EB458D697"
dependencies = [
  { id = "BucketOracle", name = "BucketOracle" },
  { id = "LiquidlogicFramework", name = "LiquidlogicFramework" },
  { id = "MoveStdlib", name = "MoveStdlib" },
  { id = "Sui", name = "Sui" },
  { id = "alphafi_fungible", name = "alphafi_fungible" },
]

[[move.package]]
id = "BluefinSpot"
source = { local = "../../partners/alphafi/bluefin-spot-contract-interface-main" }

dependencies = [
  { id = "CetusClmm", name = "CetusClmm" },
  { id = "IntegerMate", name = "IntegerMate" },
  { id = "Sui", name = "Sui" },
]

[[move.package]]
id = "BucketOracle"
source = { git = "https://github.com/Bucket-Protocol/oracle.git", rev = "navi-forked", subdir = "" }

dependencies = [
  { id = "PythLocal", name = "PythLocal" },
  { id = "Sui", name = "Sui" },
  { id = "SupraOracle", name = "SupraOracle" },
  { id = "SwitchboardStdLib", name = "SwitchboardStdLib" },
]

[[move.package]]
id = "CetusClmm"
source = { local = "../../partners/alphafi/cetus/clmmpool" }

dependencies = [
  { id = "IntegerMate", name = "IntegerMate" },
  { id = "MoveSTL", name = "MoveSTL" },
  { id = "Sui", name = "Sui" },
]

[[move.package]]
id = "IntegerMate"
source = { local = "../../partners/alphafi/cetus/integer-mate" }

dependencies = [
  { id = "Sui", name = "Sui" },
]

[[move.package]]
id = "LiquidlogicFramework"
source = { git = "https://github.com/LiquidLogic-Tech/liquidlogic-framework.git", rev = "main", subdir = "" }

dependencies = [
  { id = "Sui", name = "Sui" },
]

[[move.package]]
id = "MoveSTL"
source = { local = "../../partners/alphafi/cetus/move-stl" }

dependencies = [
  { id = "Sui", name = "Sui" },
]

[[move.package]]
id = "MoveStdlib"
source = { git = "https://github.com/MystenLabs/sui.git", rev = "framework/mainnet", subdir = "crates/sui-framework/packages/move-stdlib" }

[[move.package]]
id = "Pyth"
source = { git = "https://github.com/naviprotocol/pyth-crosschain.git", rev = "navi-forked", subdir = "target_chains/sui/contracts" }

dependencies = [
  { id = "Sui", name = "Sui" },
  { id = "Wormhole", name = "Wormhole" },
]

[[move.package]]
id = "PythLocal"
source = { git = "https://github.com/Bucket-Protocol/oracle.git", rev = "navi-forked", subdir = "partners/pyth" }

dependencies = [
  { id = "Sui", name = "Sui" },
  { id = "Wormhole", name = "Wormhole" },
]

[[move.package]]
id = "Sui"
source = { git = "https://github.com/MystenLabs/sui.git", rev = "framework/mainnet", subdir = "crates/sui-framework/packages/sui-framework" }

dependencies = [
  { id = "MoveStdlib", name = "MoveStdlib" },
]

[[move.package]]
id = "SuiSystem"
source = { git = "https://github.com/MystenLabs/sui.git", rev = "mainnet", subdir = "crates/sui-framework/packages/sui-system" }

dependencies = [
  { id = "MoveStdlib", name = "MoveStdlib" },
  { id = "Sui", name = "Sui" },
]

[[move.package]]
id = "SupraOracle"
source = { git = "https://github.com/naviprotocol/dora-interface.git", rev = "main", subdir = "sui/mainnet/supra_holder" }

dependencies = [
  { id = "Sui", name = "Sui" },
  { id = "supra_validator", name = "supra_validator" },
]

[[move.package]]
id = "SwitchboardStdLib"
source = { git = "https://github.com/Bucket-Protocol/oracle.git", rev = "navi-forked", subdir = "partners/switchboard" }

dependencies = [
  { id = "MoveStdlib", name = "MoveStdlib" },
  { id = "Sui", name = "Sui" },
]

[[move.package]]
id = "Wormhole"
source = { git = "https://github.com/naviprotocol/wormhole.git", rev = "navi-forked", subdir = "sui/wormhole" }

dependencies = [
  { id = "Sui", name = "Sui" },
]

[[move.package]]
id = "alpha"
source = { local = "../../partners/alphafi/alpha" }

dependencies = [
  { id = "Sui", name = "Sui" },
]

[[move.package]]
id = "alphafi"
source = { local = "../../partners/alphafi/alphafi" }

dependencies = [
  { id = "CetusClmm", name = "CetusClmm" },
  { id = "Sui", name = "Sui" },
  { id = "alpha", name = "alpha" },
  { id = "cetus_coin", name = "cetus_coin" },
  { id = "lending_core", name = "lending_core" },
  { id = "oracle", name = "oracle" },
  { id = "vsui", name = "vsui" },
]

[[move.package]]
id = "alphafi_fungible"
source = { local = "../../partners/alphafi/alphafi_fungible" }

dependencies = [
  { id = "BluefinSpot", name = "BluefinSpot" },
  { id = "Sui", name = "Sui" },
  { id = "alphafi", name = "alphafi" },
  { id = "liquid_staking", name = "liquid_staking" },
]

[[move.package]]
id = "cetus_coin"
source = { local = "../../partners/alphafi/cetus_coin" }

dependencies = [
  { id = "Sui", name = "Sui" },
]

[[move.package]]
id = "lending_core"
source = { local = "../../partners/alphafi/protocol-interface/lending_core" }

dependencies = [
  { id = "Sui", name = "Sui" },
  { id = "math", name = "math" },
  { id = "oracle", name = "oracle" },
  { id = "utils", name = "utils" },
]

[[move.package]]
id = "liquid_staking"
source = { local = "../../partners/alphafi/liquid-staking/contracts" }

dependencies = [
  { id = "Sui", name = "Sui" },
  { id = "SuiSystem", name = "SuiSystem" },
]

[[move.package]]
id = "math"
source = { local = "../../partners/alphafi/protocol-interface/math" }

dependencies = [
  { id = "Sui", name = "Sui" },
]

[[move.package]]
id = "oracle"
source = { local = "../../partners/alphafi/protocol-interface/oracle" }

dependencies = [
  { id = "Pyth", name = "Pyth" },
  { id = "Sui", name = "Sui" },
  { id = "SupraOracle", name = "SupraOracle" },
]

[[move.package]]
id = "supra_utils"
source = { git = "https://github.com/naviprotocol/dora-interface.git", rev = "main", subdir = "sui/mainnet/supra_utils" }

dependencies = [
  { id = "Sui", name = "Sui" },
]

[[move.package]]
id = "supra_validator"
source = { git = "https://github.com/naviprotocol/dora-interface.git", rev = "main", subdir = "sui/mainnet/supra_validator" }

dependencies = [
  { id = "Sui", name = "Sui" },
  { id = "supra_utils", name = "supra_utils" },
]

[[move.package]]
id = "utils"
source = { local = "../../partners/alphafi/protocol-interface/utils" }

dependencies = [
  { id = "Sui", name = "Sui" },
]

[[move.package]]
id = "vsui"
source = { local = "../../partners/alphafi/vsui" }

dependencies = [
  { id = "MoveStdlib", name = "MoveStdlib" },
  { id = "Sui", name = "Sui" },
  { id = "SuiSystem", name = "SuiSystem" },
]

[move.toolchain-version]
compiler-version = "1.42.1"
edition = "2024.beta"
flavor = "sui"

[env]

[env.mainnet]
chain-id = "35834a8a"
original-published-id = "0x3d078bd7af765ed2889ac67a3d0dd812341403e1f415bd9fd287a4d7f49023aa"
latest-published-id = "0x3d078bd7af765ed2889ac67a3d0dd812341403e1f415bd9fd287a4d7f49023aa"
published-version = "1"
