# @generated by Move, please check-in and do not edit manually.

[move]
version = 3
manifest_digest = "821AA65183A7FCEB90411BAE984C783E9FB4527F0A3DF99C93F65914E8EF824F"
deps_digest = "52B406A7A21811BEF51751CF88DA0E76DAEFFEAC888D4F4060B1A72BBE7D8D35"
dependencies = [
  { id = "Bridge", name = "Bridge" },
  { id = "BucketOracle", name = "BucketOracle" },
  { id = "MoveStdlib", name = "MoveStdlib" },
  { id = "Sui", name = "Sui" },
  { id = "SuiSystem", name = "SuiSystem" },
  { id = "saving_vault", name = "saving_vault" },
]

[[move.package]]
id = "Bridge"
source = { git = "https://github.com/MystenLabs/sui.git", rev = "af5297b292c3", subdir = "crates/sui-framework/packages/bridge" }

dependencies = [
  { id = "MoveStdlib", name = "MoveStdlib" },
  { id = "Sui", name = "Sui" },
  { id = "SuiSystem", name = "SuiSystem" },
]

[[move.package]]
id = "BucketFramework"
source = { local = "../../../v1-core/framework" }

dependencies = [
  { id = "Bridge", name = "Bridge" },
  { id = "MoveStdlib", name = "MoveStdlib" },
  { id = "Sui", name = "Sui" },
  { id = "SuiSystem", name = "SuiSystem" },
]

[[move.package]]
id = "BucketOracle"
source = { git = "https://github.com/Bucket-Protocol/oracle.git", rev = "mainnet", subdir = "" }

dependencies = [
  { id = "Bridge", name = "Bridge" },
  { id = "MoveStdlib", name = "MoveStdlib" },
  { id = "PythLocal", name = "PythLocal" },
  { id = "Sui", name = "Sui" },
  { id = "SuiSystem", name = "SuiSystem" },
  { id = "SupraOracle", name = "SupraOracle" },
  { id = "SwitchboardStdLib", name = "SwitchboardStdLib" },
  { id = "Wormhole", name = "Wormhole" },
]

[[move.package]]
id = "BucketProtocol"
source = { local = "../../../v1-core/protocol" }

dependencies = [
  { id = "Bridge", name = "Bridge" },
  { id = "BucketFramework", name = "BucketFramework" },
  { id = "BucketOracle", name = "BucketOracle" },
  { id = "Flask", name = "Flask" },
  { id = "MoveStdlib", name = "MoveStdlib" },
  { id = "Sui", name = "Sui" },
  { id = "SuiSystem", name = "SuiSystem" },
]

[[move.package]]
id = "Flask"
source = { local = "../../../v1-core/flask" }

dependencies = [
  { id = "Bridge", name = "Bridge" },
  { id = "MoveStdlib", name = "MoveStdlib" },
  { id = "Sui", name = "Sui" },
  { id = "SuiSystem", name = "SuiSystem" },
]

[[move.package]]
id = "MoveStdlib"
source = { git = "https://github.com/MystenLabs/sui.git", rev = "af5297b292c3", subdir = "crates/sui-framework/packages/move-stdlib" }

[[move.package]]
id = "PythLocal"
source = { git = "https://github.com/Bucket-Protocol/oracle.git", rev = "mainnet", subdir = "partners/pyth" }

dependencies = [
  { id = "Sui", name = "Sui" },
  { id = "Wormhole", name = "Wormhole" },
]

[[move.package]]
id = "Sui"
source = { git = "https://github.com/MystenLabs/sui.git", rev = "af5297b292c3", subdir = "crates/sui-framework/packages/sui-framework" }

dependencies = [
  { id = "MoveStdlib", name = "MoveStdlib" },
]

[[move.package]]
id = "SuiSystem"
source = { git = "https://github.com/MystenLabs/sui.git", rev = "af5297b292c3", subdir = "crates/sui-framework/packages/sui-system" }

dependencies = [
  { id = "MoveStdlib", name = "MoveStdlib" },
  { id = "Sui", name = "Sui" },
]

[[move.package]]
id = "SupraOracle"
source = { git = "https://github.com/naviprotocol/dora-interface.git", rev = "main", subdir = "sui/mainnet/supra_holder" }

dependencies = [
  { id = "Sui", name = "Sui" },
  { id = "supra_validator", name = "supra_validator" },
]

[[move.package]]
id = "SwitchboardStdLib"
source = { git = "https://github.com/Typus-Lab/sui-sdk.git", rev = "main", subdir = "move/mainnet/switchboard_std" }

dependencies = [
  { id = "MoveStdlib", name = "MoveStdlib" },
  { id = "Sui", name = "Sui" },
]

[[move.package]]
id = "Wormhole"
source = { git = "https://github.com/wormhole-foundation/wormhole.git", rev = "sui/mainnet", subdir = "sui/wormhole" }

dependencies = [
  { id = "Sui", name = "Sui" },
]

[[move.package]]
id = "fountain"
source = { git = "https://github.com/Fountain-Fi/contract", rev = "main", subdir = "fountain" }

dependencies = [
  { id = "Sui", name = "Sui" },
]

[[move.package]]
id = "saving_vault"
source = { local = "../../../tokenized-strategy/saving_vault" }

dependencies = [
  { id = "Bridge", name = "Bridge" },
  { id = "BucketProtocol", name = "BucketProtocol" },
  { id = "MoveStdlib", name = "MoveStdlib" },
  { id = "Sui", name = "Sui" },
  { id = "SuiSystem", name = "SuiSystem" },
  { id = "fountain", name = "fountain" },
  { id = "st_sbuck", name = "st_sbuck" },
]

[[move.package]]
id = "st_sbuck"
source = { local = "../../../tokenized-strategy/coins/st_sbuck" }

dependencies = [
  { id = "Sui", name = "Sui" },
]

[[move.package]]
id = "supra_utils"
source = { git = "https://github.com/naviprotocol/dora-interface.git", rev = "main", subdir = "sui/mainnet/supra_utils" }

dependencies = [
  { id = "Sui", name = "Sui" },
]

[[move.package]]
id = "supra_validator"
source = { git = "https://github.com/naviprotocol/dora-interface.git", rev = "main", subdir = "sui/mainnet/supra_validator" }

dependencies = [
  { id = "Sui", name = "Sui" },
  { id = "supra_utils", name = "supra_utils" },
]

[move.toolchain-version]
compiler-version = "1.49.2"
edition = "2024.beta"
flavor = "sui"

[env]

[env.mainnet]
chain-id = "35834a8a"
original-published-id = "0xb41200d83cbf268281c170c0ade226a50a22f3901c43d08f6c167a7ddc8061f9"
latest-published-id = "0xb41200d83cbf268281c170c0ade226a50a22f3901c43d08f6c167a7ddc8061f9"
published-version = "1"
