# @generated by Move, please check-in and do not edit manually.

[move]
version = 0
manifest_digest = "3D995446095F52CDB60E2B4F34A0C5F3C5217AB6CD247F9C68FB388B47565C4A"
deps_digest = "060AD7E57DFB13104F21BE5F5C3759D03F0553FC3229247D9A7A6B45F50D03A3"

dependencies = [
  { name = "AftermathLSD" },
  { name = "BucketOracle" },
  { name = "Sui" },
]

[[move.package]]
name = "AfSui"
source = { local = "../../partners/aftermath-interfaces/packages/afsui/afsui" }

dependencies = [
  { name = "Safe" },
  { name = "Sui" },
]

[[move.package]]
name = "AfSuiReferralVault"
source = { local = "../../partners/aftermath-interfaces/packages/afsui/afsui-referral-vault" }

dependencies = [
  { name = "Sui" },
]

[[move.package]]
name = "AfSuiTreasury"
source = { local = "../../partners/aftermath-interfaces/packages/afsui/afsui-treasury" }

dependencies = [
  { name = "Sui" },
]

[[move.package]]
name = "AftermathLSD"
source = { local = "../../partners/aftermath-interfaces/packages/afsui/afsui-staked-sui-vault" }

dependencies = [
  { name = "AfSui" },
  { name = "AfSuiReferralVault" },
  { name = "AfSuiTreasury" },
  { name = "LinkedSet" },
  { name = "Safe" },
  { name = "Sui" },
  { name = "SuiSystem" },
  { name = "SuiSystemUtils" },
  { name = "utilities" },
]

[[move.package]]
name = "BucketOracle"
source = { git = "https://github.com/Bucket-Protocol/oracle.git", rev = "main", subdir = "" }

dependencies = [
  { name = "Pyth" },
  { name = "Sui" },
  { name = "SupraOracle" },
  { name = "SwitchboardStdLib" },
]

[[move.package]]
name = "LinkedSet"
source = { local = "../../partners/aftermath-interfaces/packages/utility/linked-set" }

dependencies = [
  { name = "Sui" },
]

[[move.package]]
name = "MoveStdlib"
source = { git = "https://github.com/MystenLabs/sui.git", rev = "framework/mainnet", subdir = "crates/sui-framework/packages/move-stdlib" }

[[move.package]]
name = "Pyth"
source = { git = "https://github.com/Bucket-Protocol/oracle.git", rev = "main", subdir = "partners/pyth" }

dependencies = [
  { name = "Sui" },
  { name = "Wormhole" },
]

[[move.package]]
name = "Safe"
source = { local = "../../partners/aftermath-interfaces/packages/utility/safe" }

dependencies = [
  { name = "Sui" },
]

[[move.package]]
name = "Sui"
source = { git = "https://github.com/MystenLabs/sui.git", rev = "framework/mainnet", subdir = "crates/sui-framework/packages/sui-framework" }

dependencies = [
  { name = "MoveStdlib" },
]

[[move.package]]
name = "SuiSystem"
source = { git = "https://github.com/MystenLabs/sui.git", rev = "framework/mainnet", subdir = "crates/sui-framework/packages/sui-system" }

dependencies = [
  { name = "MoveStdlib" },
  { name = "Sui" },
]

[[move.package]]
name = "SuiSystemUtils"
source = { local = "../../partners/aftermath-interfaces/packages/utility/sui-system-utils" }

dependencies = [
  { name = "Sui" },
  { name = "SuiSystem" },
]

[[move.package]]
name = "SupraOracle"
source = { git = "https://github.com/Bucket-Protocol/oracle.git", rev = "main", subdir = "partners/supra" }

dependencies = [
  { name = "Sui" },
]

[[move.package]]
name = "SwitchboardStdLib"
source = { git = "https://github.com/Bucket-Protocol/oracle.git", rev = "main", subdir = "partners/switchboard" }

dependencies = [
  { name = "MoveStdlib" },
  { name = "Sui" },
]

[[move.package]]
name = "Wormhole"
source = { git = "https://github.com/Bucket-Protocol/oracle.git", rev = "main", subdir = "partners/pyth/wormhole" }

dependencies = [
  { name = "Sui" },
]

[[move.package]]
name = "utilities"
source = { local = "../../partners/aftermath-interfaces/packages/utility/utilities" }

dependencies = [
  { name = "Sui" },
]

[move.toolchain-version]
compiler-version = "1.18.1"
edition = "legacy"
flavor = "sui"
