# @generated by Move, please check-in and do not edit manually.

[move]
version = 0
manifest_digest = "688DCA3945819D4125127FDED85E1C8E244C5598E89FFA4D72D71A088C9A7033"
deps_digest = "397E6A9F7A624706DBDFEE056CE88391A15876868FD18A88504DA74EB458D697"

dependencies = [
  { name = "Pyth" },
  { name = "Sui" },
  { name = "SupraOracle" },
  { name = "SwitchboardStdLib" },
  { name = "Wormhole" },
]

[[move.package]]
name = "MoveStdlib"
source = { git = "https://github.com/MystenLabs/sui.git", rev = "041c5f2bae2fe52079e44b70514333532d69f4e6", subdir = "crates/sui-framework/packages/move-stdlib" }

[[move.package]]
name = "Pyth"
source = { git = "https://github.com/pyth-network/pyth-crosschain.git", rev = "sui-contract-mainnet", subdir = "target_chains/sui/contracts" }

dependencies = [
  { name = "Sui" },
  { name = "Wormhole" },
]

[[move.package]]
name = "Sui"
source = { git = "https://github.com/MystenLabs/sui.git", rev = "041c5f2bae2fe52079e44b70514333532d69f4e6", subdir = "crates/sui-framework/packages/sui-framework" }

dependencies = [
  { name = "MoveStdlib" },
]

[[move.package]]
name = "SupraOracle"
source = { git = "https://github.com/naviprotocol/dora-interface.git", rev = "main", subdir = "sui/mainnet/supra_holder" }

dependencies = [
  { name = "Sui" },
  { name = "supra_validator" },
]

[[move.package]]
name = "SwitchboardStdLib"
source = { local = "partners/switchboard" }

dependencies = [
  { name = "Sui" },
]

[[move.package]]
name = "Wormhole"
source = { git = "https://github.com/wormhole-foundation/wormhole.git", rev = "sui-upgrade-mainnet", subdir = "sui/wormhole" }

dependencies = [
  { name = "Sui" },
]

[[move.package]]
name = "supra_utils"
source = { git = "https://github.com/naviprotocol/dora-interface.git", rev = "main", subdir = "sui/mainnet/supra_utils" }

dependencies = [
  { name = "Sui" },
]

[[move.package]]
name = "supra_validator"
source = { git = "https://github.com/naviprotocol/dora-interface.git", rev = "main", subdir = "sui/mainnet/supra_validator" }

dependencies = [
  { name = "Sui" },
  { name = "supra_utils" },
]

[move.toolchain-version]
compiler-version = "1.29.0"
edition = "legacy"
flavor = "sui"
