# @generated by Move, please check-in and do not edit manually.

[move]
version = 0
manifest_digest = "D4D9044BAF1CCB7C3F72C3C2CF59A8BCA78C723C0C6A09DF000CA4F46DB6D5FF"
deps_digest = "F8BBB0CCB2491CA29A3DF03D6F92277A4F3574266507ACD77214D37ECA3F3082"

dependencies = [
  { name = "Sui" },
]

[[move.package]]
name = "MoveStdlib"
source = { git = "https://github.com/MystenLabs/sui.git", rev = "mainnet", subdir = "crates/sui-framework/packages/move-stdlib" }

[[move.package]]
name = "Sui"
source = { git = "https://github.com/MystenLabs/sui.git", rev = "mainnet", subdir = "crates/sui-framework/packages/sui-framework" }

dependencies = [
  { name = "MoveStdlib" },
]

[move.toolchain-version]
compiler-version = "1.34.1"
edition = "2024.beta"
flavor = "sui"

[env]

[env.mainnet]
chain-id = "35834a8a"
original-published-id = "0xfe3afec26c59e874f3c1d60b8203cb3852d2bb2aa415df9548b8d688e6683f93"
latest-published-id = "0xfe3afec26c59e874f3c1d60b8203cb3852d2bb2aa415df9548b8d688e6683f93"
published-version = "1"
