# @generated by Move, please check-in and do not edit manually.

[move]
version = 3
manifest_digest = "115CC54800A6F3817AEAF1A438A5B8835A454E4501CC25F266E2A436A749FFB2"
deps_digest = "CAFAD8A7CF51067FB4358215BECB86BD100DD64E57C2AC8A7AE7D74B688F5965"
dependencies = [
  { id = "Blizzard", name = "Blizzard" },
  { id = "BucketOracle", name = "BucketOracle" },
  { id = "MoveStdlib", name = "MoveStdlib" },
  { id = "Sui", name = "Sui" },
  { id = "WAL", name = "WAL" },
  { id = "Walrus", name = "Walrus" },
  { id = "WinterWalrus", name = "WinterWalrus" },
]

[[move.package]]
id = "Blizzard"
source = { git = "https://github.com/interest-protocol/blizzard-interface.git", rev = "main", subdir = "blizzard" }

dependencies = [
  { id = "Bridge", name = "Bridge" },
  { id = "DeepBook", name = "DeepBook" },
  { id = "InterestBPS", name = "InterestBPS" },
  { id = "InterestMath", name = "InterestMath" },
  { id = "MoveStdlib", name = "MoveStdlib" },
  { id = "Sui", name = "Sui" },
  { id = "SuiSystem", name = "SuiSystem" },
  { id = "WAL", name = "WAL" },
  { id = "Walrus", name = "Walrus" },
  { id = "WinterWalrus", name = "WinterWalrus" },
]

[[move.package]]
id = "Bridge"
source = { git = "https://github.com/MystenLabs/sui.git", rev = "9c04e1840eb5", subdir = "crates/sui-framework/packages/bridge" }

dependencies = [
  { id = "MoveStdlib", name = "MoveStdlib" },
  { id = "Sui", name = "Sui" },
  { id = "SuiSystem", name = "SuiSystem" },
]

[[move.package]]
id = "BucketOracle"
source = { git = "https://github.com/Bucket-Protocol/oracle.git", rev = "mainnet", subdir = "" }

dependencies = [
  { id = "Pyth", name = "Pyth" },
  { id = "Sui", name = "Sui" },
  { id = "SupraOracle", name = "SupraOracle" },
  { id = "SwitchboardStdLib", name = "SwitchboardStdLib" },
]

[[move.package]]
id = "DeepBook"
source = { git = "https://github.com/MystenLabs/sui.git", rev = "9c04e1840eb5", subdir = "crates/sui-framework/packages/deepbook" }

dependencies = [
  { id = "MoveStdlib", name = "MoveStdlib" },
  { id = "Sui", name = "Sui" },
]

[[move.package]]
id = "InterestBPS"
source = { git = "https://github.com/interest-protocol/bps.git", rev = "main", subdir = "" }

dependencies = [
  { id = "Bridge", name = "Bridge" },
  { id = "DeepBook", name = "DeepBook" },
  { id = "MoveStdlib", name = "MoveStdlib" },
  { id = "Sui", name = "Sui" },
  { id = "SuiSystem", name = "SuiSystem" },
]

[[move.package]]
id = "InterestMath"
source = { git = "https://github.com/interest-protocol/interest-math.git", rev = "main", subdir = "" }

dependencies = [
  { id = "Bridge", name = "Bridge" },
  { id = "DeepBook", name = "DeepBook" },
  { id = "MoveStdlib", name = "MoveStdlib" },
  { id = "Sui", name = "Sui" },
  { id = "SuiSystem", name = "SuiSystem" },
]

[[move.package]]
id = "MoveStdlib"
source = { git = "https://github.com/MystenLabs/sui.git", rev = "framework/mainnet", subdir = "crates/sui-framework/packages/move-stdlib" }

[[move.package]]
id = "Pyth"
source = { git = "https://github.com/Bucket-Protocol/oracle.git", rev = "mainnet", subdir = "partners/pyth" }

dependencies = [
  { id = "Sui", name = "Sui" },
  { id = "Wormhole", name = "Wormhole" },
]

[[move.package]]
id = "Sui"
source = { git = "https://github.com/MystenLabs/sui.git", rev = "framework/mainnet", subdir = "crates/sui-framework/packages/sui-framework" }

dependencies = [
  { id = "MoveStdlib", name = "MoveStdlib" },
]

[[move.package]]
id = "SuiSystem"
source = { git = "https://github.com/MystenLabs/sui.git", rev = "9c04e1840eb5", subdir = "crates/sui-framework/packages/sui-system" }

dependencies = [
  { id = "MoveStdlib", name = "MoveStdlib" },
  { id = "Sui", name = "Sui" },
]

[[move.package]]
id = "SupraOracle"
source = { git = "https://github.com/Bucket-Protocol/oracle.git", rev = "mainnet", subdir = "partners/supra" }

dependencies = [
  { id = "Sui", name = "Sui" },
]

[[move.package]]
id = "SwitchboardStdLib"
source = { git = "https://github.com/Bucket-Protocol/oracle.git", rev = "mainnet", subdir = "partners/switchboard" }

dependencies = [
  { id = "MoveStdlib", name = "MoveStdlib" },
  { id = "Sui", name = "Sui" },
]

[[move.package]]
id = "WAL"
source = { git = "https://github.com/MystenLabs/walrus.git", rev = "mainnet", subdir = "contracts/wal" }

dependencies = [
  { id = "Sui", name = "Sui" },
]

[[move.package]]
id = "Walrus"
source = { git = "https://github.com/MystenLabs/walrus.git", rev = "mainnet", subdir = "contracts/walrus" }

dependencies = [
  { id = "Sui", name = "Sui" },
  { id = "WAL", name = "WAL" },
]

[[move.package]]
id = "WinterWalrus"
source = { git = "https://github.com/interest-protocol/blizzard-interface.git", rev = "main", subdir = "wwal" }

dependencies = [
  { id = "Bridge", name = "Bridge" },
  { id = "DeepBook", name = "DeepBook" },
  { id = "MoveStdlib", name = "MoveStdlib" },
  { id = "Sui", name = "Sui" },
  { id = "SuiSystem", name = "SuiSystem" },
]

[[move.package]]
id = "Wormhole"
source = { git = "https://github.com/Bucket-Protocol/oracle.git", rev = "mainnet", subdir = "partners/pyth/wormhole" }

dependencies = [
  { id = "Sui", name = "Sui" },
]

[move.toolchain-version]
compiler-version = "1.45.0"
edition = "2024.beta"
flavor = "sui"

[env]

[env.mainnet]
chain-id = "35834a8a"
original-published-id = "0x746ce38871108233767cce1ee97122978d4c46524bcd48aaaab8aa4bdbe320b8"
latest-published-id = "0x746ce38871108233767cce1ee97122978d4c46524bcd48aaaab8aa4bdbe320b8"
published-version = "1"
