# Generated by move; do not edit
# This file should be checked in.

[move]
version = 4

[pinned.mainnet.BucketOracle]
source = { git = "https://github.com/Bucket-Protocol/oracle.git", subdir = ".", rev = "6960744037dc9e584eb0e6027eaaccce443b935c" }
use_environment = "mainnet"
manifest_digest = "8F530B75742BEED7B9C3C54A0F5560A2AEEF3CE28B0A285E74D6B5A35522E207"
deps = { PythLocal = "PythLocal", SupraOracle = "SupraOracle", SwitchboardStdLib = "SwitchboardStdLib", std = "MoveStdlib", sui = "Sui" }

[pinned.mainnet.CoinDecimalsRegistry]
source = { git = "https://github.com/scallop-io/sui-lending-protocol.git", subdir = "contracts/libs/coin_decimals_registry", rev = "74c44742e8ed170a07de0338a8098834723fd0c1" }
use_environment = "mainnet"
manifest_digest = "3876920E3F5449B657525E749B996C31141507452514AF2E259F5441554DCDDF"
deps = { Sui = "Sui_2" }

[pinned.mainnet.Decimal]
source = { git = "https://github.com/scallop-io/sui-lending-protocol.git", subdir = "contracts/libs/decimal", rev = "74c44742e8ed170a07de0338a8098834723fd0c1" }
use_environment = "mainnet"
manifest_digest = "3876920E3F5449B657525E749B996C31141507452514AF2E259F5441554DCDDF"
deps = { Sui = "Sui_2" }

[pinned.mainnet.Math]
source = { git = "https://github.com/scallop-io/sui-lending-protocol.git", subdir = "contracts/libs/math", rev = "74c44742e8ed170a07de0338a8098834723fd0c1" }
use_environment = "mainnet"
manifest_digest = "3876920E3F5449B657525E749B996C31141507452514AF2E259F5441554DCDDF"
deps = { Sui = "Sui_2" }

[pinned.mainnet.MoveStdlib]
source = { git = "https://github.com/MystenLabs/sui.git", subdir = "crates/sui-framework/packages/move-stdlib", rev = "22f9fc9781732d651e18384c9a8eb1dabddf73a6" }
use_environment = "mainnet"
manifest_digest = "C4FE4C91DE74CBF223B2E380AE40F592177D21870DC2D7EB6227D2D694E05363"
deps = {}

[pinned.mainnet.MoveStdlib_1]
source = { git = "https://github.com/MystenLabs/sui.git", subdir = "crates/sui-framework/packages/move-stdlib", rev = "1073a8fbf6cfa0d4a4d2bf34b2494a212116089c" }
use_environment = "mainnet"
manifest_digest = "C4FE4C91DE74CBF223B2E380AE40F592177D21870DC2D7EB6227D2D694E05363"
deps = {}

[pinned.mainnet.MoveStdlib_2]
source = { git = "https://github.com/MystenLabs/sui.git", subdir = "crates/sui-framework/packages/move-stdlib", rev = "20b81af59385e50c6025cc347f65ab5f1506e571" }
use_environment = "mainnet"
manifest_digest = "C4FE4C91DE74CBF223B2E380AE40F592177D21870DC2D7EB6227D2D694E05363"
deps = {}

[pinned.mainnet.PythLocal]
source = { git = "https://github.com/Bucket-Protocol/oracle.git", subdir = "partners/pyth", rev = "6960744037dc9e584eb0e6027eaaccce443b935c" }
use_environment = "mainnet"
manifest_digest = "4DF1AFE1840691B7B5387DFB5B59D5A8F7C7AD484752B40D6497258C9ACF835A"
deps = { Sui = "Sui_1", Wormhole = "Wormhole" }

[pinned.mainnet.ScallopProtocol]
source = { git = "https://github.com/scallop-io/sui-lending-protocol.git", subdir = "contracts/protocol", rev = "74c44742e8ed170a07de0338a8098834723fd0c1" }
use_environment = "mainnet"
manifest_digest = "923409F7BF8E636A44AB1CBF2DC2D6EA9DCAF681F61389B1B425B329781100DE"
deps = { CoinDecimalsRegistry = "CoinDecimalsRegistry", Decimal = "Decimal", Math = "Math", Sui = "Sui_2", TestCoin = "TestCoin", Whitelist = "Whitelist", X = "X", XOracle = "XOracle" }

[pinned.mainnet.ScallopRule]
source = { root = true }
use_environment = "mainnet"
manifest_digest = "9B63C6A4A2BDCAB610ACD0C26604E16DE6654683E9BB7845FCB5CCBF67F79FE6"
deps = { BucketOracle = "BucketOracle", ScallopProtocol = "ScallopProtocol", std = "MoveStdlib", sui = "Sui" }

[pinned.mainnet.Sui]
source = { git = "https://github.com/MystenLabs/sui.git", subdir = "crates/sui-framework/packages/sui-framework", rev = "22f9fc9781732d651e18384c9a8eb1dabddf73a6" }
use_environment = "mainnet"
manifest_digest = "CD547CB1ACCE0880C835DAED2D8FFCB91D56C833AE5240D3AA5B918398263195"
deps = { MoveStdlib = "MoveStdlib" }

[pinned.mainnet.Sui_1]
source = { git = "https://github.com/MystenLabs/sui.git", subdir = "crates/sui-framework/packages/sui-framework", rev = "1073a8fbf6cfa0d4a4d2bf34b2494a212116089c" }
use_environment = "mainnet"
manifest_digest = "CD547CB1ACCE0880C835DAED2D8FFCB91D56C833AE5240D3AA5B918398263195"
deps = { MoveStdlib = "MoveStdlib_1" }

[pinned.mainnet.Sui_2]
source = { git = "https://github.com/MystenLabs/sui.git", subdir = "crates/sui-framework/packages/sui-framework", rev = "20b81af59385e50c6025cc347f65ab5f1506e571" }
use_environment = "mainnet"
manifest_digest = "CD547CB1ACCE0880C835DAED2D8FFCB91D56C833AE5240D3AA5B918398263195"
deps = { MoveStdlib = "MoveStdlib_2" }

[pinned.mainnet.SupraOracle]
source = { git = "https://github.com/naviprotocol/supra-oracle.git", subdir = "supra_holder", rev = "0d41a846e75cff18da44e462260bf60c73417c8e" }
use_environment = "mainnet"
manifest_digest = "CDD606D609F32BF36A2C06E7DB0E6BBBA82B7EC29C58D217D0AFCED1E87ED550"
deps = { Sui = "Sui_2", supra_validator = "supra_validator" }

[pinned.mainnet.SwitchboardStdLib]
source = { git = "https://github.com/Bucket-Protocol/oracle.git", subdir = "partners/switchboard", rev = "6960744037dc9e584eb0e6027eaaccce443b935c" }
use_environment = "mainnet"
manifest_digest = "C5C3FEC3A0982B698C1B0DDD6AD482E8718D7C0AAE1342305414B849122D2EA4"
deps = { MoveStdlib = "MoveStdlib_1", Sui = "Sui_1" }

[pinned.mainnet.TestCoin]
source = { git = "https://github.com/scallop-io/sui-lending-protocol.git", subdir = "contracts/test_coin", rev = "74c44742e8ed170a07de0338a8098834723fd0c1" }
use_environment = "mainnet"
manifest_digest = "3876920E3F5449B657525E749B996C31141507452514AF2E259F5441554DCDDF"
deps = { Sui = "Sui_2" }

[pinned.mainnet.Whitelist]
source = { git = "https://github.com/scallop-io/sui-lending-protocol.git", subdir = "contracts/libs/whitelist", rev = "74c44742e8ed170a07de0338a8098834723fd0c1" }
use_environment = "mainnet"
manifest_digest = "3876920E3F5449B657525E749B996C31141507452514AF2E259F5441554DCDDF"
deps = { Sui = "Sui_2" }

[pinned.mainnet.Wormhole]
source = { git = "https://github.com/naviprotocol/wormhole.git", subdir = "sui/wormhole", rev = "7749aff1380b0f63743d36856a5934de606483ba" }
use_environment = "mainnet"
manifest_digest = "3876920E3F5449B657525E749B996C31141507452514AF2E259F5441554DCDDF"
deps = { Sui = "Sui_2" }

[pinned.mainnet.X]
source = { git = "https://github.com/scallop-io/sui-lending-protocol.git", subdir = "contracts/libs/x", rev = "74c44742e8ed170a07de0338a8098834723fd0c1" }
use_environment = "mainnet"
manifest_digest = "3876920E3F5449B657525E749B996C31141507452514AF2E259F5441554DCDDF"
deps = { Sui = "Sui_2" }

[pinned.mainnet.XOracle]
source = { git = "https://github.com/scallop-io/sui-lending-protocol.git", subdir = "contracts/sui_x_oracle/x_oracle", rev = "74c44742e8ed170a07de0338a8098834723fd0c1" }
use_environment = "mainnet"
manifest_digest = "3876920E3F5449B657525E749B996C31141507452514AF2E259F5441554DCDDF"
deps = { Sui = "Sui_2" }

[pinned.mainnet.supra_utils]
source = { git = "https://github.com/naviprotocol/supra-oracle.git", subdir = "supra_utils", rev = "0d41a846e75cff18da44e462260bf60c73417c8e" }
use_environment = "mainnet"
manifest_digest = "3876920E3F5449B657525E749B996C31141507452514AF2E259F5441554DCDDF"
deps = { Sui = "Sui_2" }

[pinned.mainnet.supra_validator]
source = { git = "https://github.com/naviprotocol/supra-oracle.git", subdir = "supra_validator", rev = "0d41a846e75cff18da44e462260bf60c73417c8e" }
use_environment = "mainnet"
manifest_digest = "6972115A9F4DCD60D13D7BB34F2D42245F8743B737EA8651F3DF6669BC3D6C93"
deps = { Sui = "Sui_2", supra_utils = "supra_utils" }
