# @generated by Move, please check-in and do not edit manually.

[move]
version = 3
manifest_digest = "5C132B77F1B958CC77824FEB0A9B663C48C35690F9F8B123F26A47C80198684E"
deps_digest = "060AD7E57DFB13104F21BE5F5C3759D03F0553FC3229247D9A7A6B45F50D03A3"
dependencies = [
  { id = "BucketOracle", name = "BucketOracle" },
  { id = "ScallopProtocol", name = "ScallopProtocol" },
  { id = "Sui", name = "Sui" },
]

[[move.package]]
id = "BucketOracle"
source = { git = "https://github.com/Bucket-Protocol/oracle.git", rev = "mainnet", subdir = "" }

dependencies = [
  { id = "Pyth", name = "Pyth" },
  { id = "Sui", name = "Sui" },
  { id = "SupraOracle", name = "SupraOracle" },
  { id = "SwitchboardStdLib", name = "SwitchboardStdLib" },
]

[[move.package]]
id = "CoinDecimalsRegistry"
source = { git = "https://github.com/scallop-io/sui-lending-protocol.git", rev = "main", subdir = "contracts/libs/coin_decimals_registry" }

dependencies = [
  { id = "Sui", name = "Sui" },
]

[[move.package]]
id = "Math"
source = { git = "https://github.com/scallop-io/sui-lending-protocol.git", rev = "main", subdir = "contracts/libs/math" }

dependencies = [
  { id = "Sui", name = "Sui" },
]

[[move.package]]
id = "MoveStdlib"
source = { git = "https://github.com/MystenLabs/sui.git", rev = "framework/mainnet", subdir = "crates/sui-framework/packages/move-stdlib" }

[[move.package]]
id = "Pyth"
source = { git = "https://github.com/Bucket-Protocol/oracle.git", rev = "mainnet", subdir = "partners/pyth" }

dependencies = [
  { id = "Sui", name = "Sui" },
  { id = "Wormhole", name = "Wormhole" },
]

[[move.package]]
id = "ScallopProtocol"
source = { git = "https://github.com/scallop-io/sui-lending-protocol.git", rev = "main", subdir = "contracts/protocol" }

dependencies = [
  { id = "CoinDecimalsRegistry", name = "CoinDecimalsRegistry" },
  { id = "Math", name = "Math" },
  { id = "Sui", name = "Sui" },
  { id = "Whitelist", name = "Whitelist" },
  { id = "X", name = "X" },
  { id = "XOracle", name = "XOracle" },
]

[[move.package]]
id = "Sui"
source = { git = "https://github.com/MystenLabs/sui.git", rev = "framework/mainnet", subdir = "crates/sui-framework/packages/sui-framework" }

dependencies = [
  { id = "MoveStdlib", name = "MoveStdlib" },
]

[[move.package]]
id = "SupraOracle"
source = { git = "https://github.com/Bucket-Protocol/oracle.git", rev = "mainnet", subdir = "partners/supra" }

dependencies = [
  { id = "Sui", name = "Sui" },
]

[[move.package]]
id = "SwitchboardStdLib"
source = { git = "https://github.com/Bucket-Protocol/oracle.git", rev = "mainnet", subdir = "partners/switchboard" }

dependencies = [
  { id = "MoveStdlib", name = "MoveStdlib" },
  { id = "Sui", name = "Sui" },
]

[[move.package]]
id = "Whitelist"
source = { git = "https://github.com/scallop-io/sui-lending-protocol.git", rev = "main", subdir = "contracts/libs/whitelist" }

dependencies = [
  { id = "Sui", name = "Sui" },
]

[[move.package]]
id = "Wormhole"
source = { git = "https://github.com/Bucket-Protocol/oracle.git", rev = "mainnet", subdir = "partners/pyth/wormhole" }

dependencies = [
  { id = "Sui", name = "Sui" },
]

[[move.package]]
id = "X"
source = { git = "https://github.com/scallop-io/sui-lending-protocol.git", rev = "main", subdir = "contracts/libs/x" }

dependencies = [
  { id = "Sui", name = "Sui" },
]

[[move.package]]
id = "XOracle"
source = { git = "https://github.com/scallop-io/sui-lending-protocol.git", rev = "main", subdir = "contracts/sui_x_oracle/x_oracle" }

dependencies = [
  { id = "Sui", name = "Sui" },
]

[move.toolchain-version]
compiler-version = "1.43.1"
edition = "2024.beta"
flavor = "sui"

[env]

[env.mainnet]
chain-id = "35834a8a"
original-published-id = "0xe8e2e65d77e92fee59b9027ad0e29da5d932c6a5fb46c9d4eecbcc747e33d38a"
latest-published-id = "0xc3fb5907e9d8aa5cb0e866152da81f6ea9799c210b52a9d64eb3729d033e8c21"
published-version = "4"
