# @generated by Move, please check-in and do not edit manually.

[move]
version = 3
manifest_digest = "75F1DA14DDFF07A063A8E3463A73962D2E67A1E4617B5CE385B2AC92486277D5"
deps_digest = "8227D341C0550A37580C10FA45FE148A465225149C69D179737E0FE454AD6AEC"
dependencies = [
  { id = "Bridge", name = "Bridge" },
  { id = "BucketOracle", name = "BucketOracle" },
  { id = "MoveStdlib", name = "MoveStdlib" },
  { id = "Sui", name = "Sui" },
  { id = "SuiSystem", name = "SuiSystem" },
  { id = "SupraOracle", name = "SupraOracle" },
  { id = "SwitchboardStdLib", name = "SwitchboardStdLib" },
  { id = "Wormhole", name = "Wormhole" },
  { id = "typus_perp", name = "typus_perp" },
]

[[move.package]]
id = "Bridge"
source = { git = "https://github.com/MystenLabs/sui.git", rev = "af5297b292c3", subdir = "crates/sui-framework/packages/bridge" }

dependencies = [
  { id = "MoveStdlib", name = "MoveStdlib" },
  { id = "Sui", name = "Sui" },
  { id = "SuiSystem", name = "SuiSystem" },
]

[[move.package]]
id = "BucketOracle"
source = { git = "https://github.com/Bucket-Protocol/oracle.git", rev = "mainnet", subdir = "" }

dependencies = [
  { id = "PythLocal", name = "PythLocal" },
  { id = "Sui", name = "Sui" },
  { id = "SupraOracle", name = "SupraOracle" },
  { id = "SwitchboardStdLib", name = "SwitchboardStdLib" },
]

[[move.package]]
id = "CoinDecimalsRegistry"
source = { git = "https://github.com/scallop-io/sui-lending-protocol.git", rev = "ec2332705c2520ffb98f3a69e7e591d4cc2b3677", subdir = "contracts/libs/coin_decimals_registry" }

dependencies = [
  { id = "Sui", name = "Sui" },
]

[[move.package]]
id = "Kiosk"
source = { git = "https://github.com/Typus-Lab/typus-interface.git", rev = "mainnet", subdir = "kiosk" }

dependencies = [
  { id = "Sui", name = "Sui" },
]

[[move.package]]
id = "Math"
source = { git = "https://github.com/scallop-io/sui-lending-protocol.git", rev = "ec2332705c2520ffb98f3a69e7e591d4cc2b3677", subdir = "contracts/libs/math" }

dependencies = [
  { id = "Sui", name = "Sui" },
]

[[move.package]]
id = "MathNavi"
source = { git = "https://github.com/Typus-Lab/navi-protocol-interface.git", rev = "b6cd0a569c836d4d93185780e5401852c3975eb0", subdir = "math" }

dependencies = [
  { id = "Sui", name = "Sui" },
]

[[move.package]]
id = "MoveStdlib"
source = { git = "https://github.com/MystenLabs/sui.git", rev = "af5297b292c3", subdir = "crates/sui-framework/packages/move-stdlib" }

[[move.package]]
id = "Pyth"
source = { git = "https://github.com/pyth-network/pyth-crosschain.git", rev = "sui-contract-mainnet", subdir = "target_chains/sui/contracts" }

dependencies = [
  { id = "Sui", name = "Sui" },
  { id = "Wormhole", name = "Wormhole" },
]

[[move.package]]
id = "PythLocal"
source = { git = "https://github.com/Bucket-Protocol/oracle.git", rev = "mainnet", subdir = "partners/pyth" }

dependencies = [
  { id = "Sui", name = "Sui" },
  { id = "Wormhole", name = "Wormhole" },
]

[[move.package]]
id = "ScallopProtocol"
source = { git = "https://github.com/scallop-io/sui-lending-protocol.git", rev = "ec2332705c2520ffb98f3a69e7e591d4cc2b3677", subdir = "contracts/protocol" }

dependencies = [
  { id = "CoinDecimalsRegistry", name = "CoinDecimalsRegistry" },
  { id = "Math", name = "Math" },
  { id = "Sui", name = "Sui" },
  { id = "Whitelist", name = "Whitelist" },
  { id = "X", name = "X" },
  { id = "XOracle", name = "XOracle" },
]

[[move.package]]
id = "Sui"
source = { git = "https://github.com/MystenLabs/sui.git", rev = "af5297b292c3", subdir = "crates/sui-framework/packages/sui-framework" }

dependencies = [
  { id = "MoveStdlib", name = "MoveStdlib" },
]

[[move.package]]
id = "SuiSystem"
source = { git = "https://github.com/MystenLabs/sui.git", rev = "af5297b292c3", subdir = "crates/sui-framework/packages/sui-system" }

dependencies = [
  { id = "MoveStdlib", name = "MoveStdlib" },
  { id = "Sui", name = "Sui" },
]

[[move.package]]
id = "SupraOracle"
source = { git = "https://github.com/Bucket-Protocol/oracle.git", rev = "mainnet", subdir = "partners/supra" }

dependencies = [
  { id = "Sui", name = "Sui" },
]

[[move.package]]
id = "SwitchboardStdLib"
source = { git = "https://github.com/Bucket-Protocol/oracle.git", rev = "mainnet", subdir = "partners/switchboard" }

dependencies = [
  { id = "MoveStdlib", name = "MoveStdlib" },
  { id = "Sui", name = "Sui" },
]

[[move.package]]
id = "Whitelist"
source = { git = "https://github.com/scallop-io/sui-lending-protocol.git", rev = "ec2332705c2520ffb98f3a69e7e591d4cc2b3677", subdir = "contracts/libs/whitelist" }

dependencies = [
  { id = "Sui", name = "Sui" },
]

[[move.package]]
id = "Wormhole"
source = { git = "https://github.com/Bucket-Protocol/oracle.git", rev = "mainnet", subdir = "partners/pyth/wormhole" }

dependencies = [
  { id = "Sui", name = "Sui" },
]

[[move.package]]
id = "X"
source = { git = "https://github.com/scallop-io/sui-lending-protocol.git", rev = "ec2332705c2520ffb98f3a69e7e591d4cc2b3677", subdir = "contracts/libs/x" }

dependencies = [
  { id = "Sui", name = "Sui" },
]

[[move.package]]
id = "XOracle"
source = { git = "https://github.com/scallop-io/sui-lending-protocol.git", rev = "ec2332705c2520ffb98f3a69e7e591d4cc2b3677", subdir = "contracts/sui_x_oracle/x_oracle" }

dependencies = [
  { id = "Sui", name = "Sui" },
]

[[move.package]]
id = "lending_core"
source = { git = "https://github.com/Typus-Lab/navi-protocol-interface.git", rev = "b6cd0a569c836d4d93185780e5401852c3975eb0", subdir = "lending_core" }

dependencies = [
  { id = "MathNavi", name = "MathNavi" },
  { id = "Sui", name = "Sui" },
  { id = "oracle", name = "oracle" },
  { id = "utils", name = "utils" },
]

[[move.package]]
id = "liquid_staking"
source = { git = "https://github.com/solendprotocol/liquid-staking.git", rev = "main", subdir = "contracts" }

dependencies = [
  { id = "Sui", name = "Sui" },
  { id = "SuiSystem", name = "SuiSystem" },
]

[[move.package]]
id = "oracle"
source = { git = "https://github.com/Typus-Lab/navi-protocol-interface.git", rev = "b6cd0a569c836d4d93185780e5401852c3975eb0", subdir = "oracle" }

dependencies = [
  { id = "Pyth", name = "Pyth" },
  { id = "Sui", name = "Sui" },
  { id = "SupraOracle", name = "SupraOracle" },
]

[[move.package]]
id = "spool"
source = { git = "https://github.com/scallop-io/spool-contract-interface.git", rev = "2532555052d9b56505455a6263c89ca129ee201b", subdir = "spool" }

dependencies = [
  { id = "Math", name = "Math" },
  { id = "Sui", name = "Sui" },
]

[[move.package]]
id = "sprungsui"
source = { git = "https://github.com/Typus-Lab/suilend.git", rev = "fb0a6940139b8f628bf2a756c9e13c2b2f5afe3b", subdir = "contracts/sprungsui" }

dependencies = [
  { id = "Sui", name = "Sui" },
]

[[move.package]]
id = "suilend"
source = { git = "https://github.com/Typus-Lab/suilend.git", rev = "fb0a6940139b8f628bf2a756c9e13c2b2f5afe3b", subdir = "contracts/suilend" }

dependencies = [
  { id = "Pyth", name = "Pyth" },
  { id = "Sui", name = "Sui" },
  { id = "liquid_staking", name = "liquid_staking" },
  { id = "sprungsui", name = "sprungsui" },
]

[[move.package]]
id = "typus"
source = { git = "https://github.com/Typus-Lab/typus-interface.git", rev = "mainnet", subdir = "typus" }

dependencies = [
  { id = "Sui", name = "Sui" },
  { id = "typus_nft", name = "typus_nft" },
]

[[move.package]]
id = "typus_dov"
source = { git = "https://github.com/Typus-Lab/typus-interface.git", rev = "mainnet", subdir = "typus_dov_single" }

dependencies = [
  { id = "Bridge", name = "Bridge" },
  { id = "MoveStdlib", name = "MoveStdlib" },
  { id = "Sui", name = "Sui" },
  { id = "SuiSystem", name = "SuiSystem" },
  { id = "typus", name = "typus" },
  { id = "typus_framework", name = "typus_framework" },
  { id = "typus_nft", name = "typus_nft" },
  { id = "typus_oracle", name = "typus_oracle" },
]

[[move.package]]
id = "typus_framework"
source = { git = "https://github.com/Typus-Lab/typus-interface.git", rev = "mainnet", subdir = "typus_framework" }

dependencies = [
  { id = "Math", name = "Math" },
  { id = "Pyth", name = "Pyth" },
  { id = "ScallopProtocol", name = "ScallopProtocol" },
  { id = "Sui", name = "Sui" },
  { id = "SuiSystem", name = "SuiSystem" },
  { id = "lending_core", name = "lending_core" },
  { id = "oracle", name = "oracle" },
  { id = "spool", name = "spool" },
  { id = "suilend", name = "suilend" },
]

[[move.package]]
id = "typus_nft"
source = { git = "https://github.com/Typus-Lab/typus-interface.git", rev = "mainnet", subdir = "typus_nft" }

dependencies = [
  { id = "Kiosk", name = "Kiosk" },
  { id = "Sui", name = "Sui" },
]

[[move.package]]
id = "typus_oracle"
source = { git = "https://github.com/Typus-Lab/typus-interface.git", rev = "mainnet", subdir = "oracle" }

dependencies = [
  { id = "MoveStdlib", name = "MoveStdlib" },
  { id = "Pyth", name = "Pyth" },
  { id = "Sui", name = "Sui" },
  { id = "SupraOracle", name = "SupraOracle" },
  { id = "SwitchboardStdLib", name = "SwitchboardStdLib" },
]

[[move.package]]
id = "typus_perp"
source = { git = "https://github.com/Typus-Lab/typus-interface.git", rev = "mainnet", subdir = "typus_perp" }

dependencies = [
  { id = "Bridge", name = "Bridge" },
  { id = "MoveStdlib", name = "MoveStdlib" },
  { id = "Sui", name = "Sui" },
  { id = "SuiSystem", name = "SuiSystem" },
  { id = "typus", name = "typus" },
  { id = "typus_dov", name = "typus_dov" },
  { id = "typus_framework", name = "typus_framework" },
  { id = "typus_nft", name = "typus_nft" },
  { id = "typus_oracle", name = "typus_oracle" },
]

[[move.package]]
id = "utils"
source = { git = "https://github.com/Typus-Lab/navi-protocol-interface.git", rev = "b6cd0a569c836d4d93185780e5401852c3975eb0", subdir = "utils" }

dependencies = [
  { id = "Sui", name = "Sui" },
]

[move.toolchain-version]
compiler-version = "1.50.1"
edition = "2024.beta"
flavor = "sui"
