# @generated by Move, please check-in and do not edit manually.

[move]
version = 3
manifest_digest = "A4FB805D83880D575DA33214F37CD1D3CFDFB4758D1030142117434FF137EEB8"
deps_digest = "060AD7E57DFB13104F21BE5F5C3759D03F0553FC3229247D9A7A6B45F50D03A3"
dependencies = [
  { id = "BucketOracle", name = "BucketOracle" },
  { id = "Sui", name = "Sui" },
  { id = "lending_core", name = "lending_core" },
]

[[move.package]]
id = "BucketOracle"
source = { git = "https://github.com/Bucket-Protocol/oracle.git", rev = "navi-forked", subdir = "" }

dependencies = [
  { id = "PythLocal", name = "PythLocal" },
  { id = "Sui", name = "Sui" },
  { id = "SupraOracle", name = "SupraOracle" },
  { id = "SwitchboardStdLib", name = "SwitchboardStdLib" },
]

[[move.package]]
id = "MoveStdlib"
source = { git = "https://github.com/MystenLabs/sui.git", rev = "framework/mainnet", subdir = "crates/sui-framework/packages/move-stdlib" }

[[move.package]]
id = "Pyth"
source = { git = "https://github.com/naviprotocol/pyth-crosschain.git", rev = "navi-forked", subdir = "target_chains/sui/contracts" }

dependencies = [
  { id = "Sui", name = "Sui" },
  { id = "Wormhole", name = "Wormhole" },
]

[[move.package]]
id = "PythLocal"
source = { git = "https://github.com/Bucket-Protocol/oracle.git", rev = "navi-forked", subdir = "partners/pyth" }

dependencies = [
  { id = "Sui", name = "Sui" },
  { id = "Wormhole", name = "Wormhole" },
]

[[move.package]]
id = "Sui"
source = { git = "https://github.com/MystenLabs/sui.git", rev = "framework/mainnet", subdir = "crates/sui-framework/packages/sui-framework" }

dependencies = [
  { id = "MoveStdlib", name = "MoveStdlib" },
]

[[move.package]]
id = "SupraOracle"
source = { git = "https://github.com/naviprotocol/dora-interface.git", rev = "main", subdir = "sui/mainnet/supra_holder" }

dependencies = [
  { id = "Sui", name = "Sui" },
  { id = "supra_validator", name = "supra_validator" },
]

[[move.package]]
id = "SwitchboardStdLib"
source = { git = "https://github.com/Bucket-Protocol/oracle.git", rev = "navi-forked", subdir = "partners/switchboard" }

dependencies = [
  { id = "MoveStdlib", name = "MoveStdlib" },
  { id = "Sui", name = "Sui" },
]

[[move.package]]
id = "Wormhole"
source = { git = "https://github.com/naviprotocol/wormhole.git", rev = "navi-forked", subdir = "sui/wormhole" }

dependencies = [
  { id = "Sui", name = "Sui" },
]

[[move.package]]
id = "lending_core"
source = { git = "https://github.com/Bucket-Protocol/navi-protocol-interface.git", rev = "main", subdir = "lending_core" }

dependencies = [
  { id = "Sui", name = "Sui" },
  { id = "math", name = "math" },
  { id = "oracle", name = "oracle" },
  { id = "utils", name = "utils" },
]

[[move.package]]
id = "math"
source = { git = "https://github.com/Bucket-Protocol/navi-protocol-interface.git", rev = "main", subdir = "math" }

dependencies = [
  { id = "Sui", name = "Sui" },
]

[[move.package]]
id = "oracle"
source = { git = "https://github.com/Bucket-Protocol/navi-protocol-interface.git", rev = "main", subdir = "oracle" }

dependencies = [
  { id = "Pyth", name = "Pyth" },
  { id = "Sui", name = "Sui" },
  { id = "SupraOracle", name = "SupraOracle" },
]

[[move.package]]
id = "supra_utils"
source = { git = "https://github.com/naviprotocol/dora-interface.git", rev = "main", subdir = "sui/mainnet/supra_utils" }

dependencies = [
  { id = "Sui", name = "Sui" },
]

[[move.package]]
id = "supra_validator"
source = { git = "https://github.com/naviprotocol/dora-interface.git", rev = "main", subdir = "sui/mainnet/supra_validator" }

dependencies = [
  { id = "Sui", name = "Sui" },
  { id = "supra_utils", name = "supra_utils" },
]

[[move.package]]
id = "utils"
source = { git = "https://github.com/Bucket-Protocol/navi-protocol-interface.git", rev = "main", subdir = "utils" }

dependencies = [
  { id = "Sui", name = "Sui" },
]

[move.toolchain-version]
compiler-version = "1.44.3"
edition = "2024.beta"
flavor = "sui"

[env]

[env.mainnet]
chain-id = "35834a8a"
original-published-id = "0x1c2740b75e06bf7bcee49d6df216f8a069c00e86173a021da712c37de2eb84af"
latest-published-id = "0x1c2740b75e06bf7bcee49d6df216f8a069c00e86173a021da712c37de2eb84af"
published-version = "1"
