# @generated by Move, please check-in and do not edit manually.

[move]
version = 3
manifest_digest = "A11E016D2E6BADCBDB1F92CBCF551A2C6AB18EB7ECFB1AB746CEA8A5B7869EEE"
deps_digest = "F9B494B64F0615AED0E98FC12A85B85ECD2BC5185C22D30E7F67786BB52E507C"
dependencies = [
  { id = "BucketOracle", name = "BucketOracle" },
  { id = "LiquidlogicFramework", name = "LiquidlogicFramework" },
  { id = "Sui", name = "Sui" },
  { id = "unihouse", name = "unihouse" },
]

[[move.package]]
id = "BucketOracle"
source = { git = "https://github.com/Bucket-Protocol/oracle.git", rev = "mainnet", subdir = "" }

dependencies = [
  { id = "Pyth", name = "Pyth" },
  { id = "Sui", name = "Sui" },
  { id = "SupraOracle", name = "SupraOracle" },
  { id = "SwitchboardStdLib", name = "SwitchboardStdLib" },
]

[[move.package]]
id = "LiquidlogicFramework"
source = { git = "https://github.com/LiquidLogic-Tech/liquidlogic-framework.git", rev = "main", subdir = "" }

dependencies = [
  { id = "Sui", name = "Sui" },
]

[[move.package]]
id = "MoveStdlib"
source = { git = "https://github.com/MystenLabs/sui.git", rev = "framework/mainnet", subdir = "crates/sui-framework/packages/move-stdlib" }

[[move.package]]
id = "Pyth"
source = { git = "https://github.com/Bucket-Protocol/oracle.git", rev = "mainnet", subdir = "partners/pyth" }

dependencies = [
  { id = "Sui", name = "Sui" },
  { id = "Wormhole", name = "Wormhole" },
]

[[move.package]]
id = "Sui"
source = { git = "https://github.com/MystenLabs/sui.git", rev = "framework/mainnet", subdir = "crates/sui-framework/packages/sui-framework" }

dependencies = [
  { id = "MoveStdlib", name = "MoveStdlib" },
]

[[move.package]]
id = "SupraOracle"
source = { git = "https://github.com/Bucket-Protocol/oracle.git", rev = "mainnet", subdir = "partners/supra" }

dependencies = [
  { id = "Sui", name = "Sui" },
]

[[move.package]]
id = "SwitchboardStdLib"
source = { git = "https://github.com/Bucket-Protocol/oracle.git", rev = "mainnet", subdir = "partners/switchboard" }

dependencies = [
  { id = "MoveStdlib", name = "MoveStdlib" },
  { id = "Sui", name = "Sui" },
]

[[move.package]]
id = "Wormhole"
source = { git = "https://github.com/Bucket-Protocol/oracle.git", rev = "mainnet", subdir = "partners/pyth/wormhole" }

dependencies = [
  { id = "Sui", name = "Sui" },
]

[[move.package]]
id = "unihouse"
source = { git = "../../../../casuino-official/smart-contracts-v2/", rev = "main", subdir = "unihouse" }

dependencies = [
  { id = "Sui", name = "Sui" },
]

[move.toolchain-version]
compiler-version = "1.39.4"
edition = "2024.beta"
flavor = "sui"

[env]

[env.mainnet]
chain-id = "35834a8a"
original-published-id = "0x0e9acfaf47cde01d67ff5bdfe53b74df936650fd52fbde2bf71aaddd7c79b940"
latest-published-id = "0x0e9acfaf47cde01d67ff5bdfe53b74df936650fd52fbde2bf71aaddd7c79b940"
published-version = "1"
