# @generated by Move, please check-in and do not edit manually.

[move]
version = 3
manifest_digest = "ECC4CE90CA56A0F0FCAD0DDAD405811054D3564AFAC2DF6ED416C7B5AA21C67E"
deps_digest = "CAFAD8A7CF51067FB4358215BECB86BD100DD64E57C2AC8A7AE7D74B688F5965"
dependencies = [
  { id = "Bridge", name = "Bridge" },
  { id = "BucketOracle", name = "BucketOracle" },
  { id = "MoveStdlib", name = "MoveStdlib" },
  { id = "Pyth", name = "Pyth" },
  { id = "Sui", name = "Sui" },
  { id = "SuiSystem", name = "SuiSystem" },
  { id = "Wormhole", name = "Wormhole" },
]

[[move.package]]
id = "Bridge"
source = { git = "https://github.com/MystenLabs/sui.git", rev = "25804c243d07", subdir = "crates/sui-framework/packages/bridge" }

dependencies = [
  { id = "MoveStdlib", name = "MoveStdlib" },
  { id = "Sui", name = "Sui" },
  { id = "SuiSystem", name = "SuiSystem" },
]

[[move.package]]
id = "BucketOracle"
source = { git = "https://github.com/Bucket-Protocol/oracle.git", rev = "mainnet", subdir = "" }

dependencies = [
  { id = "PythLocal", name = "PythLocal" },
  { id = "Sui", name = "Sui" },
  { id = "SupraOracle", name = "SupraOracle" },
  { id = "SwitchboardStdLib", name = "SwitchboardStdLib" },
]

[[move.package]]
id = "MoveStdlib"
source = { git = "https://github.com/MystenLabs/sui.git", rev = "25804c243d07", subdir = "crates/sui-framework/packages/move-stdlib" }

[[move.package]]
id = "Pyth"
source = { git = "https://github.com/pyth-network/pyth-crosschain.git", rev = "sui-contract-mainnet", subdir = "target_chains/sui/contracts" }

dependencies = [
  { id = "Sui", name = "Sui" },
  { id = "Wormhole", name = "Wormhole" },
]

[[move.package]]
id = "PythLocal"
source = { git = "https://github.com/Bucket-Protocol/oracle.git", rev = "mainnet", subdir = "partners/pyth" }

dependencies = [
  { id = "Sui", name = "Sui" },
  { id = "Wormhole", name = "Wormhole" },
]

[[move.package]]
id = "Sui"
source = { git = "https://github.com/MystenLabs/sui.git", rev = "25804c243d07", subdir = "crates/sui-framework/packages/sui-framework" }

dependencies = [
  { id = "MoveStdlib", name = "MoveStdlib" },
]

[[move.package]]
id = "SuiSystem"
source = { git = "https://github.com/MystenLabs/sui.git", rev = "25804c243d07", subdir = "crates/sui-framework/packages/sui-system" }

dependencies = [
  { id = "MoveStdlib", name = "MoveStdlib" },
  { id = "Sui", name = "Sui" },
]

[[move.package]]
id = "SupraOracle"
source = { git = "https://github.com/Bucket-Protocol/oracle.git", rev = "mainnet", subdir = "partners/supra" }

dependencies = [
  { id = "Sui", name = "Sui" },
]

[[move.package]]
id = "SwitchboardStdLib"
source = { git = "https://github.com/Bucket-Protocol/oracle.git", rev = "mainnet", subdir = "partners/switchboard" }

dependencies = [
  { id = "MoveStdlib", name = "MoveStdlib" },
  { id = "Sui", name = "Sui" },
]

[[move.package]]
id = "Wormhole"
source = { git = "https://github.com/wormhole-foundation/wormhole.git", rev = "sui/mainnet", subdir = "sui/wormhole" }

dependencies = [
  { id = "Sui", name = "Sui" },
]

[move.toolchain-version]
compiler-version = "1.49.2"
edition = "2024.beta"
flavor = "sui"

[env]

[env.mainnet]
chain-id = "35834a8a"
original-published-id = "0xe7eddf0041f423643fd8ee2a01eba4462b1b438e88bf99653b6337f102bb3e02"
latest-published-id = "0xe7eddf0041f423643fd8ee2a01eba4462b1b438e88bf99653b6337f102bb3e02"
published-version = "1"
